
Microsoft Visual Studio Solution File, Format Version 12.00
# Visual Studio 15
VisualStudioVersion = 15.0.26228.13
MinimumVisualStudioVersion = 10.0.40219.1
Project("{CC5FD16D-436D-48AD-A40C-5A424C6E3E79}") = "AzureCloudServiceProject", "AzureCloudServiceProject\AzureCloudServiceProject.ccproj", "{2FEED894-9681-4012-9AE7-AF71AE7CCDCB}"
EndProject
Project("{FAE04EC0-301F-11D3-BF4B-00C04F79EFBC}") = "Consumidor", "Consumidor\Consumidor.csproj", "{E0BFFCAA-3DCA-4351-BBA4-CAD836586EE7}"
EndProject
Project("{FAE04EC0-301F-11D3-BF4B-00C04F79EFBC}") = "Orquestrador", "Orquestrador\Orquestrador.csproj", "{4A863E41-6B30-497E-BC87-1FD5D83DE1FC}"
EndProject
Global
	GlobalSection(SolutionConfigurationPlatforms) = preSolution
		Debug|Any CPU = Debug|Any CPU
		Release|Any CPU = Release|Any CPU
	EndGlobalSection
	GlobalSection(ProjectConfigurationPlatforms) = postSolution
		{2FEED894-9681-4012-9AE7-AF71AE7CCDCB}.Debug|Any CPU.ActiveCfg = Debug|Any CPU
		{2FEED894-9681-4012-9AE7-AF71AE7CCDCB}.Debug|Any CPU.Build.0 = Debug|Any CPU
		{2FEED894-9681-4012-9AE7-AF71AE7CCDCB}.Release|Any CPU.ActiveCfg = Release|Any CPU
		{2FEED894-9681-4012-9AE7-AF71AE7CCDCB}.Release|Any CPU.Build.0 = Release|Any CPU
		{E0BFFCAA-3DCA-4351-BBA4-CAD836586EE7}.Debug|Any CPU.ActiveCfg = Debug|Any CPU
		{E0BFFCAA-3DCA-4351-BBA4-CAD836586EE7}.Debug|Any CPU.Build.0 = Debug|Any CPU
		{E0BFFCAA-3DCA-4351-BBA4-CAD836586EE7}.Release|Any CPU.ActiveCfg = Release|Any CPU
		{E0BFFCAA-3DCA-4351-BBA4-CAD836586EE7}.Release|Any CPU.Build.0 = Release|Any CPU
		{4A863E41-6B30-497E-BC87-1FD5D83DE1FC}.Debug|Any CPU.ActiveCfg = Debug|Any CPU
		{4A863E41-6B30-497E-BC87-1FD5D83DE1FC}.Debug|Any CPU.Build.0 = Debug|Any CPU
		{4A863E41-6B30-497E-BC87-1FD5D83DE1FC}.Release|Any CPU.ActiveCfg = Release|Any CPU
		{4A863E41-6B30-497E-BC87-1FD5D83DE1FC}.Release|Any CPU.Build.0 = Release|Any CPU
	EndGlobalSection
	GlobalSection(SolutionProperties) = preSolution
		HideSolutionNode = FALSE
	EndGlobalSection
EndGlobal
